// !$*UTF8*$!
{
	archiveVersion = 1;
	classes = {
	};
	objectVersion = 46;
	objects = {

/* Begin PBXBuildFile section */
		D0673C291D80E3D4005650B2 /* AppDelegate.swift in Sources */ = {isa = PBXBuildFile; fileRef = D0673C281D80E3D4005650B2 /* AppDelegate.swift */; };
		D0673C2B1D80E3D4005650B2 /* ViewController.swift in Sources */ = {isa = PBXBuildFile; fileRef = D0673C2A1D80E3D4005650B2 /* ViewController.swift */; };
		D0673C2E1D80E3D4005650B2 /* Main.storyboard in Resources */ = {isa = PBXBuildFile; fileRef = D0673C2C1D80E3D4005650B2 /* Main.storyboard */; };
		D0673C301D80E3D4005650B2 /* Assets.xcassets in Resources */ = {isa = PBXBuildFile; fileRef = D0673C2F1D80E3D4005650B2 /* Assets.xcassets */; };
		D0673C331D80E3D4005650B2 /* LaunchScreen.storyboard in Resources */ = {isa = PBXBuildFile; fileRef = D0673C311D80E3D4005650B2 /* LaunchScreen.storyboard */; };
		D0673C3E1D80E413005650B2 /* GCDAsyncUdpSocket.m in Sources */ = {isa = PBXBuildFile; fileRef = D0673C3D1D80E413005650B2 /* GCDAsyncUdpSocket.m */; };
/* End PBXBuildFile section */

/* Begin PBXFileReference section */
		D0673C251D80E3D4005650B2 /* udpServer.app */ = {isa = PBXFileReference; explicitFileType = wrapper.application; includeInIndex = 0; path = udpServer.app; sourceTree = BUILT_PRODUCTS_DIR; };
		D0673C281D80E3D4005650B2 /* AppDelegate.swift */ = {isa = PBXFileReference; lastKnownFileType = sourcecode.swift; path = AppDelegate.swift; sourceTree = "<group>"; };
		D0673C2A1D80E3D4005650B2 /* ViewController.swift */ = {isa = PBXFileReference; lastKnownFileType = sourcecode.swift; path = ViewController.swift; sourceTree = "<group>"; };
		D0673C2D1D80E3D4005650B2 /* Base */ = {isa = PBXFileReference; lastKnownFileType = file.storyboard; name = Base; path = Base.lproj/Main.storyboard; sourceTree = "<group>"; };
		D0673C2F1D80E3D4005650B2 /* Assets.xcassets */ = {isa = PBXFileReference; lastKnownFileType = folder.assetcatalog; path = Assets.xcassets; sourceTree = "<group>"; };
		D0673C321D80E3D4005650B2 /* Base */ = {isa = PBXFileReference; lastKnownFileType = file.storyboard; name = Base; path = Base.lproj/LaunchScreen.storyboard; sourceTree = "<group>"; };
		D0673C341D80E3D4005650B2 /* Info.plist */ = {isa = PBXFileReference; lastKnownFileType = text.plist.xml; path = Info.plist; sourceTree = "<group>"; };
		D0673C3B1D80E412005650B2 /* udpServer-Bridging-Header.h */ = {isa = PBXFileReference; lastKnownFileType = sourcecode.c.h; path = "udpServer-Bridging-Header.h"; sourceTree = SOURCE_ROOT; };
		D0673C3C1D80E413005650B2 /* GCDAsyncUdpSocket.h */ = {isa = PBXFileReference; fileEncoding = 4; lastKnownFileType = sourcecode.c.h; path = GCDAsyncUdpSocket.h; sourceTree = "<group>"; };
		D0673C3D1D80E413005650B2 /* GCDAsyncUdpSocket.m */ = {isa = PBXFileReference; fileEncoding = 4; lastKnownFileType = sourcecode.c.objc; path = GCDAsyncUdpSocket.m; sourceTree = "<group>"; };
/* End PBXFileReference section */

/* Begin PBXFrameworksBuildPhase section */
		D0673C221D80E3D4005650B2 /* Frameworks */ = {
			isa = PBXFrameworksBuildPhase;
			buildActionMask = 2147483647;
			files = (
			);
			runOnlyForDeploymentPostprocessing = 0;
		};
/* End PBXFrameworksBuildPhase section */

/* Begin PBXGroup section */
		D0673C1C1D80E3D3005650B2 = {
			isa = PBXGroup;
			children = (
				D0673C3A1D80E408005650B2 /* UDP */,
				D0673C271D80E3D4005650B2 /* udpServer */,
				D0673C261D80E3D4005650B2 /* Products */,
			);
			sourceTree = "<group>";
		};
		D0673C261D80E3D4005650B2 /* Products */ = {
			isa = PBXGroup;
			children = (
				D0673C251D80E3D4005650B2 /* udpServer.app */,
			);
			name = Products;
			sourceTree = "<group>";
		};
		D0673C271D80E3D4005650B2 /* udpServer */ = {
			isa = PBXGroup;
			children = (
				D0673C281D80E3D4005650B2 /* AppDelegate.swift */,
				D0673C2A1D80E3D4005650B2 /* ViewController.swift */,
				D0673C3B1D80E412005650B2 /* udpServer-Bridging-Header.h */,
				D0673C2C1D80E3D4005650B2 /* Main.storyboard */,
				D0673C2F1D80E3D4005650B2 /* Assets.xcassets */,
				D0673C311D80E3D4005650B2 /* LaunchScreen.storyboard */,
				D0673C341D80E3D4005650B2 /* Info.plist */,
			);
			path = udpServer;
			sourceTree = "<group>";
		};
		D0673C3A1D80E408005650B2 /* UDP */ = {
			isa = PBXGroup;
			children = (
				D0673C3C1D80E413005650B2 /* GCDAsyncUdpSocket.h */,
				D0673C3D1D80E413005650B2 /* GCDAsyncUdpSocket.m */,
			);
			name = UDP;
			sourceTree = "<group>";
		};
/* End PBXGroup section */

/* Begin PBXNativeTarget section */
		D0673C241D80E3D4005650B2 /* udpServer */ = {
			isa = PBXNativeTarget;
			buildConfigurationList = D0673C371D80E3D4005650B2 /* Build configuration list for PBXNativeTarget "udpServer" */;
			buildPhases = (
				D0673C211D80E3D4005650B2 /* Sources */,
				D0673C221D80E3D4005650B2 /* Frameworks */,
				D0673C231D80E3D4005650B2 /* Resources */,
			);
			buildRules = (
			);
			dependencies = (
			);
			name = udpServer;
			productName = udpServer;
			productReference = D0673C251D80E3D4005650B2 /* udpServer.app */;
			productType = "com.apple.product-type.application";
		};
/* End PBXNativeTarget section */

/* Begin PBXProject section */
		D0673C1D1D80E3D3005650B2 /* Project object */ = {
			isa = PBXProject;
			attributes = {
				LastSwiftUpdateCheck = 0730;
				LastUpgradeCheck = 0730;
				ORGANIZATIONNAME = ChengYang;
				TargetAttributes = {
					D0673C241D80E3D4005650B2 = {
						CreatedOnToolsVersion = 7.3.1;
					};
				};
			};
			buildConfigurationList = D0673C201D80E3D3005650B2 /* Build configuration list for PBXProject "udpServer" */;
			compatibilityVersion = "Xcode 3.2";
			developmentRegion = English;
			hasScannedForEncodings = 0;
			knownRegions = (
				en,
				Base,
			);
			mainGroup = D0673C1C1D80E3D3005650B2;
			productRefGroup = D0673C261D80E3D4005650B2 /* Products */;
			projectDirPath = "";
			projectRoot = "";
			targets = (
				D0673C241D80E3D4005650B2 /* udpServer */,
			);
		};
/* End PBXProject section */

/* Begin PBXResourcesBuildPhase section */
		D0673C231D80E3D4005650B2 /* Resources */ = {
			isa = PBXResourcesBuildPhase;
			buildActionMask = 2147483647;
			files = (
				D0673C331D80E3D4005650B2 /* LaunchScreen.storyboard in Resources */,
				D0673C301D80E3D4005650B2 /* Assets.xcassets in Resources */,
				D0673C2E1D80E3D4005650B2 /* Main.storyboard in Resources */,
			);
			runOnlyForDeploymentPostprocessing = 0;
		};
/* End PBXResourcesBuildPhase section */

/* Begin PBXSourcesBuildPhase section */
		D0673C211D80E3D4005650B2 /* Sources */ = {
			isa = PBXSourcesBuildPhase;
			buildActionMask = 2147483647;
			files = (
				D0673C2B1D80E3D4005650B2 /* ViewController.swift in Sources */,
				D0673C3E1D80E413005650B2 /* GCDAsyncUdpSocket.m in Sources */,
				D0673C291D80E3D4005650B2 /* AppDelegate.swift in Sources */,
			);
			runOnlyForDeploymentPostprocessing = 0;
		};
/* End PBXSourcesBuildPhase section */

/* Begin PBXVariantGroup section */
		D0673C2C1D80E3D4005650B2 /* Main.storyboard */ = {
			isa = PBXVariantGroup;
			children = (
				D0673C2D1D80E3D4005650B2 /* Base */,
			);
			name = Main.storyboard;
			sourceTree = "<group>";
		};
		D0673C311D80E3D4005650B2 /* LaunchScreen.storyboard */ = {
			isa = PBXVariantGroup;
			children = (
				D0673C321D80E3D4005650B2 /* Base */,
			);
			name = LaunchScreen.storyboard;
			sourceTree = "<group>";
		};
/* End PBXVariantGroup section */

/* Begin XCBuildConfiguration section */
		D0673C351D80E3D4005650B2 /* Debug */ = {
			isa = XCBuildConfiguration;
			buildSettings = {
				ALWAYS_SEARCH_USER_PATHS = NO;
				CLANG_ANALYZER_NONNULL = YES;
				CLANG_CXX_LANGUAGE_STANDARD = "gnu++0x";
				CLANG_CXX_LIBRARY = "libc++";
				CLANG_ENABLE_MODULES = YES;
				CLANG_ENABLE_OBJC_ARC = YES;
				CLANG_WARN_BOOL_CONVERSION = YES;
				CLANG_WARN_CONSTANT_CONVERSION = YES;
				CLANG_WARN_DIRECT_OBJC_ISA_USAGE = YES_ERROR;
				CLANG_WARN_EMPTY_BODY = YES;
				CLANG_WARN_ENUM_CONVERSION = YES;
				CLANG_WARN_INT_CONVERSION = YES;
				CLANG_WARN_OBJC_ROOT_CLASS = YES_ERROR;
				CLANG_WARN_UNREACHABLE_CODE = YES;
				CLANG_WARN__DUPLICATE_METHOD_MATCH = YES;
				"CODE_SIGN_IDENTITY[sdk=iphoneos*]" = "iPhone Developer";
				COPY_PHASE_STRIP = NO;
				DEBUG_INFORMATION_FORMAT = dwarf;
				ENABLE_STRICT_OBJC_MSGSEND = YES;
				ENABLE_TESTABILITY = YES;
				GCC_C_LANGUAGE_STANDARD = gnu99;
				GCC_DYNAMIC_NO_PIC = NO;
				GCC_NO_COMMON_BLOCKS = YES;
				GCC_OPTIMIZATION_LEVEL = 0;
				GCC_PREPROCESSOR_DEFINITIONS = (
					"DEBUG=1",
					"$(inherited)",
				);
				GCC_WARN_64_TO_32_BIT_CONVERSION = YES;
				GCC_WARN_ABOUT_RETURN_TYPE = YES_ERROR;
				GCC_WARN_UNDECLARED_SELECTOR = YES;
				GCC_WARN_UNINITIALIZED_AUTOS = YES_AGGRESSIVE;
				GCC_WARN_UNUSED_FUNCTION = YES;
				GCC_WARN_UNUSED_VARIABLE = YES;
				IPHONEOS_DEPLOYMENT_TARGET = 9.3;
				MTL_ENABLE_DEBUG_INFO = YES;
				ONLY_ACTIVE_ARCH = YES;
				SDKROOT = iphoneos;
				SWIFT_OPTIMIZATION_LEVEL = "-Onone";
			};
			name = Debug;
		};
		D0673C361D80E3D4005650B2 /* Release */ = {
			isa = XCBuildConfiguration;
			buildSettings = {
				ALWAYS_SEARCH_USER_PATHS = NO;
				CLANG_ANALYZER_NONNULL = YES;
				CLANG_CXX_LANGUAGE_STANDARD = "gnu++0x";
				CLANG_CXX_LIBRARY = "libc++";
				CLANG_ENABLE_MODULES = YES;
				CLANG_ENABLE_OBJC_ARC = YES;
				CLANG_WARN_BOOL_CONVERSION = YES;
				CLANG_WARN_CONSTANT_CONVERSION = YES;
				CLANG_WARN_DIRECT_OBJC_ISA_USAGE = YES_ERROR;
				CLANG_WARN_EMPTY_BODY = YES;
				CLANG_WARN_ENUM_CONVERSION = YES;
				CLANG_WARN_INT_CONVERSION = YES;
				CLANG_WARN_OBJC_ROOT_CLASS = YES_ERROR;
				CLANG_WARN_UNREACHABLE_CODE = YES;
				CLANG_WARN__DUPLICATE_METHOD_MATCH = YES;
				"CODE_SIGN_IDENTITY[sdk=iphoneos*]" = "iPhone Developer";
				COPY_PHASE_STRIP = NO;
				DEBUG_INFORMATION_FORMAT = "dwarf-with-dsym";
				ENABLE_NS_ASSERTIONS = NO;
				ENABLE_STRICT_OBJC_MSGSEND = YES;
				GCC_C_LANGUAGE_STANDARD = gnu99;
				GCC_NO_COMMON_BLOCKS = YES;
				GCC_WARN_64_TO_32_BIT_CONVERSION = YES;
				GCC_WARN_ABOUT_RETURN_TYPE = YES_ERROR;
				GCC_WARN_UNDECLARED_SELECTOR = YES;
				GCC_WARN_UNINITIALIZED_AUTOS = YES_AGGRESSIVE;
				GCC_WARN_UNUSED_FUNCTION = YES;
				GCC_WARN_UNUSED_VARIABLE = YES;
				IPHONEOS_DEPLOYMENT_TARGET = 9.3;
				MTL_ENABLE_DEBUG_INFO = NO;
				SDKROOT = iphoneos;
				VALIDATE_PRODUCT = YES;
			};
			name = Release;
		};
		D0673C381D80E3D4005650B2 /* Debug */ = {
			isa = XCBuildConfiguration;
			buildSettings = {
				ASSETCATALOG_COMPILER_APPICON_NAME = AppIcon;
				CLANG_ENABLE_MODULES = YES;
				INFOPLIST_FILE = udpServer/Info.plist;
				LD_RUNPATH_SEARCH_PATHS = "$(inherited) @executable_path/Frameworks";
				PRODUCT_BUNDLE_IDENTIFIER = com.ChengYang.udpServer;
				PRODUCT_NAME = "$(TARGET_NAME)";
				SWIFT_OBJC_BRIDGING_HEADER = "udpServer-Bridging-Header.h";
				SWIFT_OPTIMIZATION_LEVEL = "-Onone";
			};
			name = Debug;
		};
		D0673C391D80E3D4005650B2 /* Release */ = {
			isa = XCBuildConfiguration;
			buildSettings = {
				ASSETCATALOG_COMPILER_APPICON_NAME = AppIcon;
				CLANG_ENABLE_MODULES = YES;
				INFOPLIST_FILE = udpServer/Info.plist;
				LD_RUNPATH_SEARCH_PATHS = "$(inherited) @executable_path/Frameworks";
				PRODUCT_BUNDLE_IDENTIFIER = com.ChengYang.udpServer;
				PRODUCT_NAME = "$(TARGET_NAME)";
				SWIFT_OBJC_BRIDGING_HEADER = "udpServer-Bridging-Header.h";
			};
			name = Release;
		};
/* End XCBuildConfiguration section */

/* Begin XCConfigurationList section */
		D0673C201D80E3D3005650B2 /* Build configuration list for PBXProject "udpServer" */ = {
			isa = XCConfigurationList;
			buildConfigurations = (
				D0673C351D80E3D4005650B2 /* Debug */,
				D0673C361D80E3D4005650B2 /* Release */,
			);
			defaultConfigurationIsVisible = 0;
			defaultConfigurationName = Release;
		};
		D0673C371D80E3D4005650B2 /* Build configuration list for PBXNativeTarget "udpServer" */ = {
			isa = XCConfigurationList;
			buildConfigurations = (
				D0673C381D80E3D4005650B2 /* Debug */,
				D0673C391D80E3D4005650B2 /* Release */,
			);
			defaultConfigurationIsVisible = 0;
		};
/* End XCConfigurationList section */
	};
	rootObject = D0673C1D1D80E3D3005650B2 /* Project object */;
}
